// !$*UTF8*$!
{
	archiveVersion = 1;
	classes = {
	};
	objectVersion = 50;
	objects = {

/* Begin PBXBuildFile section */
		BE969F8E2152801D00A4D612 /* AppDelegate.swift in Sources */ = {isa = PBXBuildFile; fileRef = BE969F8D2152801D00A4D612 /* AppDelegate.swift */; };
		BE969F902152801E00A4D612 /* ViewController.swift in Sources */ = {isa = PBXBuildFile; fileRef = BE969F8F2152801E00A4D612 /* ViewController.swift */; };
		BE969F932152801E00A4D612 /* Main.storyboard in Resources */ = {isa = PBXBuildFile; fileRef = BE969F912152801E00A4D612 /* Main.storyboard */; };
		BE969F962152801E00A4D612 /* GCD_study.xcdatamodeld in Sources */ = {isa = PBXBuildFile; fileRef = BE969F942152801E00A4D612 /* GCD_study.xcdatamodeld */; };
		BE969F982152801F00A4D612 /* Assets.xcassets in Resources */ = {isa = PBXBuildFile; fileRef = BE969F972152801F00A4D612 /* Assets.xcassets */; };
		BE969F9B2152801F00A4D612 /* LaunchScreen.storyboard in Resources */ = {isa = PBXBuildFile; fileRef = BE969F992152801F00A4D612 /* LaunchScreen.storyboard */; };
/* End PBXBuildFile section */

/* Begin PBXContainerItemProxy section */
		BE969FA22152801F00A4D612 /* PBXContainerItemProxy */ = {
			isa = PBXContainerItemProxy;
			containerPortal = BE969F822152801D00A4D612 /* Project object */;
			proxyType = 1;
			remoteGlobalIDString = BE969F892152801D00A4D612;
			remoteInfo = "GCD-study";
		};
/* End PBXContainerItemProxy section */

/* Begin PBXFileReference section */
		BE969F8A2152801D00A4D612 /* GCD-study.app */ = {isa = PBXFileReference; explicitFileType = wrapper.application; includeInIndex = 0; path = "GCD-study.app"; sourceTree = BUILT_PRODUCTS_DIR; };
		BE969F8D2152801D00A4D612 /* AppDelegate.swift */ = {isa = PBXFileReference; lastKnownFileType = sourcecode.swift; path = AppDelegate.swift; sourceTree = "<group>"; };
		BE969F8F2152801E00A4D612 /* ViewController.swift */ = {isa = PBXFileReference; lastKnownFileType = sourcecode.swift; path = ViewController.swift; sourceTree = "<group>"; };
		BE969F922152801E00A4D612 /* Base */ = {isa = PBXFileReference; lastKnownFileType = file.storyboard; name = Base; path = Base.lproj/Main.storyboard; sourceTree = "<group>"; };
		BE969F952152801E00A4D612 /* GCD_study.xcdatamodel */ = {isa = PBXFileReference; lastKnownFileType = wrapper.xcdatamodel; path = GCD_study.xcdatamodel; sourceTree = "<group>"; };
		BE969F972152801F00A4D612 /* Assets.xcassets */ = {isa = PBXFileReference; lastKnownFileType = folder.assetcatalog; path = Assets.xcassets; sourceTree = "<group>"; };
		BE969F9A2152801F00A4D612 /* Base */ = {isa = PBXFileReference; lastKnownFileType = file.storyboard; name = Base; path = Base.lproj/LaunchScreen.storyboard; sourceTree = "<group>"; };
		BE969F9C2152801F00A4D612 /* Info.plist */ = {isa = PBXFileReference; lastKnownFileType = text.plist.xml; path = Info.plist; sourceTree = "<group>"; };
		BE969FA12152801F00A4D612 /* GCD-studyTests.xctest */ = {isa = PBXFileReference; explicitFileType = wrapper.cfbundle; includeInIndex = 0; path = "GCD-studyTests.xctest"; sourceTree = BUILT_PRODUCTS_DIR; };
/* End PBXFileReference section */

/* Begin PBXFrameworksBuildPhase section */
		BE969F872152801D00A4D612 /* Frameworks */ = {
			isa = PBXFrameworksBuildPhase;
			buildActionMask = 2147483647;
			files = (
			);
			runOnlyForDeploymentPostprocessing = 0;
		};
		BE969F9E2152801F00A4D612 /* Frameworks */ = {
			isa = PBXFrameworksBuildPhase;
			buildActionMask = 2147483647;
			files = (
			);
			runOnlyForDeploymentPostprocessing = 0;
		};
/* End PBXFrameworksBuildPhase section */

/* Begin PBXGroup section */
		BE969F812152801D00A4D612 = {
			isa = PBXGroup;
			children = (
				BE969F8C2152801D00A4D612 /* GCD-study */,
				BE969F8B2152801D00A4D612 /* Products */,
			);
			sourceTree = "<group>";
		};
		BE969F8B2152801D00A4D612 /* Products */ = {
			isa = PBXGroup;
			children = (
				BE969F8A2152801D00A4D612 /* GCD-study.app */,
				BE969FA12152801F00A4D612 /* GCD-studyTests.xctest */,
			);
			name = Products;
			sourceTree = "<group>";
		};
		BE969F8C2152801D00A4D612 /* GCD-study */ = {
			isa = PBXGroup;
			children = (
				BE969F8D2152801D00A4D612 /* AppDelegate.swift */,
				BE969F8F2152801E00A4D612 /* ViewController.swift */,
				BE969F912152801E00A4D612 /* Main.storyboard */,
				BE969F972152801F00A4D612 /* Assets.xcassets */,
				BE969F992152801F00A4D612 /* LaunchScreen.storyboard */,
				BE969F9C2152801F00A4D612 /* Info.plist */,
				BE969F942152801E00A4D612 /* GCD_study.xcdatamodeld */,
			);
			path = "GCD-study";
			sourceTree = "<group>";
		};
/* End PBXGroup section */

/* Begin PBXNativeTarget section */
		BE969F892152801D00A4D612 /* GCD-study */ = {
			isa = PBXNativeTarget;
			buildConfigurationList = BE969FAA2152801F00A4D612 /* Build configuration list for PBXNativeTarget "GCD-study" */;
			buildPhases = (
				BE969F862152801D00A4D612 /* Sources */,
				BE969F872152801D00A4D612 /* Frameworks */,
				BE969F882152801D00A4D612 /* Resources */,
			);
			buildRules = (
			);
			dependencies = (
			);
			name = "GCD-study";
			productName = "GCD-study";
			productReference = BE969F8A2152801D00A4D612 /* GCD-study.app */;
			productType = "com.apple.product-type.application";
		};
		BE969FA02152801F00A4D612 /* GCD-studyTests */ = {
			isa = PBXNativeTarget;
			buildConfigurationList = BE969FAD2152801F00A4D612 /* Build configuration list for PBXNativeTarget "GCD-studyTests" */;
			buildPhases = (
				BE969F9D2152801F00A4D612 /* Sources */,
				BE969F9E2152801F00A4D612 /* Frameworks */,
				BE969F9F2152801F00A4D612 /* Resources */,
			);
			buildRules = (
			);
			dependencies = (
				BE969FA32152801F00A4D612 /* PBXTargetDependency */,
			);
			name = "GCD-studyTests";
			productName = "GCD-studyTests";
			productReference = BE969FA12152801F00A4D612 /* GCD-studyTests.xctest */;
			productType = "com.apple.product-type.bundle.unit-test";
		};
/* End PBXNativeTarget section */

/* Begin PBXProject section */
		BE969F822152801D00A4D612 /* Project object */ = {
			isa = PBXProject;
			attributes = {
				LastSwiftUpdateCheck = 0940;
				LastUpgradeCheck = 0940;
				ORGANIZATIONNAME = "Ada 2018";
				TargetAttributes = {
					BE969F892152801D00A4D612 = {
						CreatedOnToolsVersion = 9.4.1;
					};
					BE969FA02152801F00A4D612 = {
						CreatedOnToolsVersion = 9.4.1;
						TestTargetID = BE969F892152801D00A4D612;
					};
				};
			};
			buildConfigurationList = BE969F852152801D00A4D612 /* Build configuration list for PBXProject "GCD-study" */;
			compatibilityVersion = "Xcode 9.3";
			developmentRegion = en;
			hasScannedForEncodings = 0;
			knownRegions = (
				en,
				Base,
			);
			mainGroup = BE969F812152801D00A4D612;
			productRefGroup = BE969F8B2152801D00A4D612 /* Products */;
			projectDirPath = "";
			projectRoot = "";
			targets = (
				BE969F892152801D00A4D612 /* GCD-study */,
				BE969FA02152801F00A4D612 /* GCD-studyTests */,
			);
		};
/* End PBXProject section */

/* Begin PBXResourcesBuildPhase section */
		BE969F882152801D00A4D612 /* Resources */ = {
			isa = PBXResourcesBuildPhase;
			buildActionMask = 2147483647;
			files = (
				BE969F9B2152801F00A4D612 /* LaunchScreen.storyboard in Resources */,
				BE969F982152801F00A4D612 /* Assets.xcassets in Resources */,
				BE969F932152801E00A4D612 /* Main.storyboard in Resources */,
			);
			runOnlyForDeploymentPostprocessing = 0;
		};
		BE969F9F2152801F00A4D612 /* Resources */ = {
			isa = PBXResourcesBuildPhase;
			buildActionMask = 2147483647;
			files = (
			);
			runOnlyForDeploymentPostprocessing = 0;
		};
/* End PBXResourcesBuildPhase section */

/* Begin PBXSourcesBuildPhase section */
		BE969F862152801D00A4D612 /* Sources */ = {
			isa = PBXSourcesBuildPhase;
			buildActionMask = 2147483647;
			files = (
				BE969F902152801E00A4D612 /* ViewController.swift in Sources */,
				BE969F8E2152801D00A4D612 /* AppDelegate.swift in Sources */,
				BE969F962152801E00A4D612 /* GCD_study.xcdatamodeld in Sources */,
			);
			runOnlyForDeploymentPostprocessing = 0;
		};
		BE969F9D2152801F00A4D612 /* Sources */ = {
			isa = PBXSourcesBuildPhase;
			buildActionMask = 2147483647;
			files = (
			);
			runOnlyForDeploymentPostprocessing = 0;
		};
/* End PBXSourcesBuildPhase section */

/* Begin PBXTargetDependency section */
		BE969FA32152801F00A4D612 /* PBXTargetDependency */ = {
			isa = PBXTargetDependency;
			target = BE969F892152801D00A4D612 /* GCD-study */;
			targetProxy = BE969FA22152801F00A4D612 /* PBXContainerItemProxy */;
		};
/* End PBXTargetDependency section */

/* Begin PBXVariantGroup section */
		BE969F912152801E00A4D612 /* Main.storyboard */ = {
			isa = PBXVariantGroup;
			children = (
				BE969F922152801E00A4D612 /* Base */,
			);
			name = Main.storyboard;
			sourceTree = "<group>";
		};
		BE969F992152801F00A4D612 /* LaunchScreen.storyboard */ = {
			isa = PBXVariantGroup;
			children = (
				BE969F9A2152801F00A4D612 /* Base */,
			);
			name = LaunchScreen.storyboard;
			sourceTree = "<group>";
		};
/* End PBXVariantGroup section */

/* Begin XCBuildConfiguration section */
		BE969FA82152801F00A4D612 /* Debug */ = {
			isa = XCBuildConfiguration;
			buildSettings = {
				ALWAYS_SEARCH_USER_PATHS = NO;
				CLANG_ANALYZER_NONNULL = YES;
				CLANG_ANALYZER_NUMBER_OBJECT_CONVERSION = YES_AGGRESSIVE;
				CLANG_CXX_LANGUAGE_STANDARD = "gnu++14";
				CLANG_CXX_LIBRARY = "libc++";
				CLANG_ENABLE_MODULES = YES;
				CLANG_ENABLE_OBJC_ARC = YES;
				CLANG_ENABLE_OBJC_WEAK = YES;
				CLANG_WARN_BLOCK_CAPTURE_AUTORELEASING = YES;
				CLANG_WARN_BOOL_CONVERSION = YES;
				CLANG_WARN_COMMA = YES;
				CLANG_WARN_CONSTANT_CONVERSION = YES;
				CLANG_WARN_DEPRECATED_OBJC_IMPLEMENTATIONS = YES;
				CLANG_WARN_DIRECT_OBJC_ISA_USAGE = YES_ERROR;
				CLANG_WARN_DOCUMENTATION_COMMENTS = YES;
				CLANG_WARN_EMPTY_BODY = YES;
				CLANG_WARN_ENUM_CONVERSION = YES;
				CLANG_WARN_INFINITE_RECURSION = YES;
				CLANG_WARN_INT_CONVERSION = YES;
				CLANG_WARN_NON_LITERAL_NULL_CONVERSION = YES;
				CLANG_WARN_OBJC_IMPLICIT_RETAIN_SELF = YES;
				CLANG_WARN_OBJC_LITERAL_CONVERSION = YES;
				CLANG_WARN_OBJC_ROOT_CLASS = YES_ERROR;
				CLANG_WARN_RANGE_LOOP_ANALYSIS = YES;
				CLANG_WARN_STRICT_PROTOTYPES = YES;
				CLANG_WARN_SUSPICIOUS_MOVE = YES;
				CLANG_WARN_UNGUARDED_AVAILABILITY = YES_AGGRESSIVE;
				CLANG_WARN_UNREACHABLE_CODE = YES;
				CLANG_WARN__DUPLICATE_METHOD_MATCH = YES;
				CODE_SIGN_IDENTITY = "iPhone Developer";
				COPY_PHASE_STRIP = NO;
				DEBUG_INFORMATION_FORMAT = dwarf;
				ENABLE_STRICT_OBJC_MSGSEND = YES;
				ENABLE_TESTABILITY = YES;
				GCC_C_LANGUAGE_STANDARD = gnu11;
				GCC_DYNAMIC_NO_PIC = NO;
				GCC_NO_COMMON_BLOCKS = YES;
				GCC_OPTIMIZATION_LEVEL = 0;
				GCC_PREPROCESSOR_DEFINITIONS = (
					"DEBUG=1",
					"$(inherited)",
				);
				GCC_WARN_64_TO_32_BIT_CONVERSION = YES;
				GCC_WARN_ABOUT_RETURN_TYPE = YES_ERROR;
				GCC_WARN_UNDECLARED_SELECTOR = YES;
				GCC_WARN_UNINITIALIZED_AUTOS = YES_AGGRESSIVE;
				GCC_WARN_UNUSED_FUNCTION = YES;
				GCC_WARN_UNUSED_VARIABLE = YES;
				IPHONEOS_DEPLOYMENT_TARGET = 11.4;
				MTL_ENABLE_DEBUG_INFO = YES;
				ONLY_ACTIVE_ARCH = YES;
				SDKROOT = iphoneos;
				SWIFT_ACTIVE_COMPILATION_CONDITIONS = DEBUG;
				SWIFT_OPTIMIZATION_LEVEL = "-Onone";
			};
			name = Debug;
		};
		BE969FA92152801F00A4D612 /* Release */ = {
			isa = XCBuildConfiguration;
			buildSettings = {
				ALWAYS_SEARCH_USER_PATHS = NO;
				CLANG_ANALYZER_NONNULL = YES;
				CLANG_ANALYZER_NUMBER_OBJECT_CONVERSION = YES_AGGRESSIVE;
				CLANG_CXX_LANGUAGE_STANDARD = "gnu++14";
				CLANG_CXX_LIBRARY = "libc++";
				CLANG_ENABLE_MODULES = YES;
				CLANG_ENABLE_OBJC_ARC = YES;
				CLANG_ENABLE_OBJC_WEAK = YES;
				CLANG_WARN_BLOCK_CAPTURE_AUTORELEASING = YES;
				CLANG_WARN_BOOL_CONVERSION = YES;
				CLANG_WARN_COMMA = YES;
				CLANG_WARN_CONSTANT_CONVERSION = YES;
				CLANG_WARN_DEPRECATED_OBJC_IMPLEMENTATIONS = YES;
				CLANG_WARN_DIRECT_OBJC_ISA_USAGE = YES_ERROR;
				CLANG_WARN_DOCUMENTATION_COMMENTS = YES;
				CLANG_WARN_EMPTY_BODY = YES;
				CLANG_WARN_ENUM_CONVERSION = YES;
				CLANG_WARN_INFINITE_RECURSION = YES;
				CLANG_WARN_INT_CONVERSION = YES;
				CLANG_WARN_NON_LITERAL_NULL_CONVERSION = YES;
				CLANG_WARN_OBJC_IMPLICIT_RETAIN_SELF = YES;
				CLANG_WARN_OBJC_LITERAL_CONVERSION = YES;
				CLANG_WARN_OBJC_ROOT_CLASS = YES_ERROR;
				CLANG_WARN_RANGE_LOOP_ANALYSIS = YES;
				CLANG_WARN_STRICT_PROTOTYPES = YES;
				CLANG_WARN_SUSPICIOUS_MOVE = YES;
				CLANG_WARN_UNGUARDED_AVAILABILITY = YES_AGGRESSIVE;
				CLANG_WARN_UNREACHABLE_CODE = YES;
				CLANG_WARN__DUPLICATE_METHOD_MATCH = YES;
				CODE_SIGN_IDENTITY = "iPhone Developer";
				COPY_PHASE_STRIP = NO;
				DEBUG_INFORMATION_FORMAT = "dwarf-with-dsym";
				ENABLE_NS_ASSERTIONS = NO;
				ENABLE_STRICT_OBJC_MSGSEND = YES;
				GCC_C_LANGUAGE_STANDARD = gnu11;
				GCC_NO_COMMON_BLOCKS = YES;
				GCC_WARN_64_TO_32_BIT_CONVERSION = YES;
				GCC_WARN_ABOUT_RETURN_TYPE = YES_ERROR;
				GCC_WARN_UNDECLARED_SELECTOR = YES;
				GCC_WARN_UNINITIALIZED_AUTOS = YES_AGGRESSIVE;
				GCC_WARN_UNUSED_FUNCTION = YES;
				GCC_WARN_UNUSED_VARIABLE = YES;
				IPHONEOS_DEPLOYMENT_TARGET = 11.4;
				MTL_ENABLE_DEBUG_INFO = NO;
				SDKROOT = iphoneos;
				SWIFT_COMPILATION_MODE = wholemodule;
				SWIFT_OPTIMIZATION_LEVEL = "-O";
				VALIDATE_PRODUCT = YES;
			};
			name = Release;
		};
		BE969FAB2152801F00A4D612 /* Debug */ = {
			isa = XCBuildConfiguration;
			buildSettings = {
				ASSETCATALOG_COMPILER_APPICON_NAME = AppIcon;
				CODE_SIGN_STYLE = Automatic;
				DEVELOPMENT_TEAM = 7ZRHSKUH65;
				INFOPLIST_FILE = "GCD-study/Info.plist";
				LD_RUNPATH_SEARCH_PATHS = (
					"$(inherited)",
					"@executable_path/Frameworks",
				);
				PRODUCT_BUNDLE_IDENTIFIER = "br.com.academy.GCD-study";
				PRODUCT_NAME = "$(TARGET_NAME)";
				SWIFT_VERSION = 4.0;
				TARGETED_DEVICE_FAMILY = "1,2";
			};
			name = Debug;
		};
		BE969FAC2152801F00A4D612 /* Release */ = {
			isa = XCBuildConfiguration;
			buildSettings = {
				ASSETCATALOG_COMPILER_APPICON_NAME = AppIcon;
				CODE_SIGN_STYLE = Automatic;
				DEVELOPMENT_TEAM = 7ZRHSKUH65;
				INFOPLIST_FILE = "GCD-study/Info.plist";
				LD_RUNPATH_SEARCH_PATHS = (
					"$(inherited)",
					"@executable_path/Frameworks",
				);
				PRODUCT_BUNDLE_IDENTIFIER = "br.com.academy.GCD-study";
				PRODUCT_NAME = "$(TARGET_NAME)";
				SWIFT_VERSION = 4.0;
				TARGETED_DEVICE_FAMILY = "1,2";
			};
			name = Release;
		};
		BE969FAE2152801F00A4D612 /* Debug */ = {
			isa = XCBuildConfiguration;
			buildSettings = {
				ALWAYS_EMBED_SWIFT_STANDARD_LIBRARIES = YES;
				BUNDLE_LOADER = "$(TEST_HOST)";
				CODE_SIGN_STYLE = Automatic;
				DEVELOPMENT_TEAM = 7ZRHSKUH65;
				INFOPLIST_FILE = "GCD-studyTests/Info.plist";
				LD_RUNPATH_SEARCH_PATHS = (
					"$(inherited)",
					"@executable_path/Frameworks",
					"@loader_path/Frameworks",
				);
				PRODUCT_BUNDLE_IDENTIFIER = "br.com.academy.GCD-studyTests";
				PRODUCT_NAME = "$(TARGET_NAME)";
				SWIFT_VERSION = 4.0;
				TARGETED_DEVICE_FAMILY = "1,2";
				TEST_HOST = "$(BUILT_PRODUCTS_DIR)/GCD-study.app/GCD-study";
			};
			name = Debug;
		};
		BE969FAF2152801F00A4D612 /* Release */ = {
			isa = XCBuildConfiguration;
			buildSettings = {
				ALWAYS_EMBED_SWIFT_STANDARD_LIBRARIES = YES;
				BUNDLE_LOADER = "$(TEST_HOST)";
				CODE_SIGN_STYLE = Automatic;
				DEVELOPMENT_TEAM = 7ZRHSKUH65;
				INFOPLIST_FILE = "GCD-studyTests/Info.plist";
				LD_RUNPATH_SEARCH_PATHS = (
					"$(inherited)",
					"@executable_path/Frameworks",
					"@loader_path/Frameworks",
				);
				PRODUCT_BUNDLE_IDENTIFIER = "br.com.academy.GCD-studyTests";
				PRODUCT_NAME = "$(TARGET_NAME)";
				SWIFT_VERSION = 4.0;
				TARGETED_DEVICE_FAMILY = "1,2";
				TEST_HOST = "$(BUILT_PRODUCTS_DIR)/GCD-study.app/GCD-study";
			};
			name = Release;
		};
/* End XCBuildConfiguration section */

/* Begin XCConfigurationList section */
		BE969F852152801D00A4D612 /* Build configuration list for PBXProject "GCD-study" */ = {
			isa = XCConfigurationList;
			buildConfigurations = (
				BE969FA82152801F00A4D612 /* Debug */,
				BE969FA92152801F00A4D612 /* Release */,
			);
			defaultConfigurationIsVisible = 0;
			defaultConfigurationName = Release;
		};
		BE969FAA2152801F00A4D612 /* Build configuration list for PBXNativeTarget "GCD-study" */ = {
			isa = XCConfigurationList;
			buildConfigurations = (
				BE969FAB2152801F00A4D612 /* Debug */,
				BE969FAC2152801F00A4D612 /* Release */,
			);
			defaultConfigurationIsVisible = 0;
			defaultConfigurationName = Release;
		};
		BE969FAD2152801F00A4D612 /* Build configuration list for PBXNativeTarget "GCD-studyTests" */ = {
			isa = XCConfigurationList;
			buildConfigurations = (
				BE969FAE2152801F00A4D612 /* Debug */,
				BE969FAF2152801F00A4D612 /* Release */,
			);
			defaultConfigurationIsVisible = 0;
			defaultConfigurationName = Release;
		};
/* End XCConfigurationList section */

/* Begin XCVersionGroup section */
		BE969F942152801E00A4D612 /* GCD_study.xcdatamodeld */ = {
			isa = XCVersionGroup;
			children = (
				BE969F952152801E00A4D612 /* GCD_study.xcdatamodel */,
			);
			currentVersion = BE969F952152801E00A4D612 /* GCD_study.xcdatamodel */;
			path = GCD_study.xcdatamodeld;
			sourceTree = "<group>";
			versionGroupType = wrapper.xcdatamodel;
		};
/* End XCVersionGroup section */
	};
	rootObject = BE969F822152801D00A4D612 /* Project object */;
}
